
Microsoft Visual Studio Solution File, Format Version 12.00
# Visual Studio 15
VisualStudioVersion = 15.0.28307.960
MinimumVisualStudioVersion = 10.0.40219.1
Project("{8BC9CEB8-8B4A-11D0-8D11-00A0C91BC942}") = "KannTest", "KannTest.vcxproj", "{22EFAD86-B4AA-4098-90E0-C743C33ACE89}"
EndProject
Global
	GlobalSection(SolutionConfigurationPlatforms) = preSolution
		Debug|x86 = Debug|x86
		Release|x86 = Release|x86
	EndGlobalSection
	GlobalSection(ProjectConfigurationPlatforms) = postSolution
		{22EFAD86-B4AA-4098-90E0-C743C33ACE89}.Debug|x86.ActiveCfg = Debug|Win32
		{22EFAD86-B4AA-4098-90E0-C743C33ACE89}.Debug|x86.Build.0 = Debug|Win32
		{22EFAD86-B4AA-4098-90E0-C743C33ACE89}.Release|x86.ActiveCfg = Release|Win32
		{22EFAD86-B4AA-4098-90E0-C743C33ACE89}.Release|x86.Build.0 = Release|Win32
	EndGlobalSection
	GlobalSection(SolutionProperties) = preSolution
		HideSolutionNode = FALSE
	EndGlobalSection
	GlobalSection(ExtensibilityGlobals) = postSolution
		SolutionGuid = {14EC323B-2CE6-43B3-8561-ED1359750CC9}
	EndGlobalSection
EndGlobal
