<?xml version="1.0" encoding="utf-8"?>
<Project ToolsVersion="4.0" xmlns="http://schemas.microsoft.com/developer/msbuild/2003">
  <ItemGroup>
    <Filter Include="Source Files">
      <UniqueIdentifier>{1fd1a080-95f9-4a3d-9fef-c267258f7979}</UniqueIdentifier>
      <Extensions>cpp;c;cxx;rc;def;r;odl;idl;hpj;bat</Extensions>
    </Filter>
    <Filter Include="Header Files">
      <UniqueIdentifier>{f08b7fd6-f473-4aaa-b73d-0324fc6fa6ff}</UniqueIdentifier>
      <Extensions>h;hpp;hxx;hm;inl</Extensions>
    </Filter>
    <Filter Include="Resource Files">
      <UniqueIdentifier>{9614dd3a-4d41-485e-b760-0505a23ba924}</UniqueIdentifier>
      <Extensions>ico;cur;bmp;dlg;rc2;rct;bin;rgs;gif;jpg;jpeg;jpe</Extensions>
    </Filter>
  </ItemGroup>
  <ItemGroup>
    <ClCompile Include="Asteroids.cpp">
      <Filter>Source Files</Filter>
    </ClCompile>
    <ClCompile Include="AsteroidsDoc.cpp">
      <Filter>Source Files</Filter>
    </ClCompile>
    <ClCompile Include="AsteroidsView.cpp">
      <Filter>Source Files</Filter>
    </ClCompile>
    <ClCompile Include="ConfigDlg.cpp">
      <Filter>Source Files</Filter>
    </ClCompile>
    <ClCompile Include="DIJoystick.cpp">
      <Filter>Source Files</Filter>
    </ClCompile>
    <ClCompile Include="DirectSound.cpp">
      <Filter>Source Files</Filter>
    </ClCompile>
    <ClCompile Include="EndApp.cpp">
      <Filter>Source Files</Filter>
    </ClCompile>
    <ClCompile Include="GameObj.cpp">
      <Filter>Source Files</Filter>
    </ClCompile>
    <ClCompile Include="GameObjsArray.cpp">
      <Filter>Source Files</Filter>
    </ClCompile>
    <ClCompile Include="GameThread.cpp">
      <Filter>Source Files</Filter>
    </ClCompile>
    <ClCompile Include="MainFrm.cpp">
      <Filter>Source Files</Filter>
    </ClCompile>
    <ClCompile Include="MsgWrapper.cpp">
      <Filter>Source Files</Filter>
    </ClCompile>
    <ClCompile Include="MyDialog.cpp">
      <Filter>Source Files</Filter>
    </ClCompile>
    <ClCompile Include="NNDataCollector.cpp">
      <Filter>Source Files</Filter>
    </ClCompile>
    <ClCompile Include="StdAfx.cpp">
      <Filter>Source Files</Filter>
    </ClCompile>
    <ClCompile Include="TGraphics.cpp">
      <Filter>Source Files</Filter>
    </ClCompile>
    <ClCompile Include="kann.cpp">
      <Filter>Source Files</Filter>
    </ClCompile>
    <ClCompile Include="kautodiff.cpp">
      <Filter>Source Files</Filter>
    </ClCompile>
    <ClCompile Include="MyKann.cpp">
      <Filter>Source Files</Filter>
    </ClCompile>
  </ItemGroup>
  <ItemGroup>
    <ResourceCompile Include="Asteroids.rc">
      <Filter>Source Files</Filter>
    </ResourceCompile>
  </ItemGroup>
  <ItemGroup>
    <ClInclude Include="Asteroids.h">
      <Filter>Header Files</Filter>
    </ClInclude>
    <ClInclude Include="AsteroidsDoc.h">
      <Filter>Header Files</Filter>
    </ClInclude>
    <ClInclude Include="AsteroidsView.h">
      <Filter>Header Files</Filter>
    </ClInclude>
    <ClInclude Include="ConfigDlg.h">
      <Filter>Header Files</Filter>
    </ClInclude>
    <ClInclude Include="DIJoystick.h">
      <Filter>Header Files</Filter>
    </ClInclude>
    <ClInclude Include="DirectSound.h">
      <Filter>Header Files</Filter>
    </ClInclude>
    <ClInclude Include="EndApp.h">
      <Filter>Header Files</Filter>
    </ClInclude>
    <ClInclude Include="GameObj.h">
      <Filter>Header Files</Filter>
    </ClInclude>
    <ClInclude Include="GameObjsArray.h">
      <Filter>Header Files</Filter>
    </ClInclude>
    <ClInclude Include="GameThread.h">
      <Filter>Header Files</Filter>
    </ClInclude>
    <ClInclude Include="MainFrm.h">
      <Filter>Header Files</Filter>
    </ClInclude>
    <ClInclude Include="MsgWrapper.h">
      <Filter>Header Files</Filter>
    </ClInclude>
    <ClInclude Include="MyDialog.h">
      <Filter>Header Files</Filter>
    </ClInclude>
    <ClInclude Include="NNDataCollector.h">
      <Filter>Header Files</Filter>
    </ClInclude>
    <ClInclude Include="Resource.h">
      <Filter>Header Files</Filter>
    </ClInclude>
    <ClInclude Include="StdAfx.h">
      <Filter>Header Files</Filter>
    </ClInclude>
    <ClInclude Include="TGraphics.h">
      <Filter>Header Files</Filter>
    </ClInclude>
    <ClInclude Include="kann.h">
      <Filter>Header Files</Filter>
    </ClInclude>
    <ClInclude Include="kautodiff.h">
      <Filter>Header Files</Filter>
    </ClInclude>
    <ClInclude Include="MyKann.h">
      <Filter>Header Files</Filter>
    </ClInclude>
  </ItemGroup>
  <ItemGroup>
    <Image Include="res\Asteroids.ico">
      <Filter>Resource Files</Filter>
    </Image>
    <Image Include="res\AsteroidsDoc.ico">
      <Filter>Resource Files</Filter>
    </Image>
    <Image Include="res\Toolbar.bmp">
      <Filter>Resource Files</Filter>
    </Image>
  </ItemGroup>
  <ItemGroup>
    <Text Include="ReadMe.txt" />
  </ItemGroup>
  <ItemGroup>
    <CustomBuild Include="res\Asteroids.rc2">
      <Filter>Resource Files</Filter>
    </CustomBuild>
  </ItemGroup>
</Project>